
Microsoft Visual Studio Solution File, Format Version 12.00
# Visual Studio Version 17
VisualStudioVersion = 17.10.35013.160
MinimumVisualStudioVersion = 10.0.40219.1
Project("{FAE04EC0-301F-11D3-BF4B-00C04F79EFBC}") = "Modulo_Facturacion", "Modulo_Facturacion.csproj", "{A3D1FD1B-7B0A-4131-BA69-EF9CA5E793A3}"
EndProject
Global
	GlobalSection(SolutionConfigurationPlatforms) = preSolution
		Debug|Any CPU = Debug|Any CPU
		Release|Any CPU = Release|Any CPU
	EndGlobalSection
	GlobalSection(ProjectConfigurationPlatforms) = postSolution
		{A3D1FD1B-7B0A-4131-BA69-EF9CA5E793A3}.Debug|Any CPU.ActiveCfg = Debug|Any CPU
		{A3D1FD1B-7B0A-4131-BA69-EF9CA5E793A3}.Debug|Any CPU.Build.0 = Debug|Any CPU
		{A3D1FD1B-7B0A-4131-BA69-EF9CA5E793A3}.Release|Any CPU.ActiveCfg = Release|Any CPU
		{A3D1FD1B-7B0A-4131-BA69-EF9CA5E793A3}.Release|Any CPU.Build.0 = Release|Any CPU
	EndGlobalSection
	GlobalSection(SolutionProperties) = preSolution
		HideSolutionNode = FALSE
	EndGlobalSection
	GlobalSection(ExtensibilityGlobals) = postSolution
		SolutionGuid = {D619261D-6082-4C14-8424-53059FDFBE56}
	EndGlobalSection
EndGlobal
